
Microsoft Visual Studio Solution File, Format Version 12.00
# Visual Studio Version 17
VisualStudioVersion = 17.0.32112.339
MinimumVisualStudioVersion = 10.0.40219.1
Project("{FAE04EC0-301F-11D3-BF4B-00C04F79EFBC}") = "10Natural_Number", "10Natural_Number\10Natural_Number.csproj", "{BAD00821-1D39-4F62-8229-04E27B5FEFF9}"
EndProject
Global
	GlobalSection(SolutionConfigurationPlatforms) = preSolution
		Debug|Any CPU = Debug|Any CPU
		Release|Any CPU = Release|Any CPU
	EndGlobalSection
	GlobalSection(ProjectConfigurationPlatforms) = postSolution
		{BAD00821-1D39-4F62-8229-04E27B5FEFF9}.Debug|Any CPU.ActiveCfg = Debug|Any CPU
		{BAD00821-1D39-4F62-8229-04E27B5FEFF9}.Debug|Any CPU.Build.0 = Debug|Any CPU
		{BAD00821-1D39-4F62-8229-04E27B5FEFF9}.Release|Any CPU.ActiveCfg = Release|Any CPU
		{BAD00821-1D39-4F62-8229-04E27B5FEFF9}.Release|Any CPU.Build.0 = Release|Any CPU
	EndGlobalSection
	GlobalSection(SolutionProperties) = preSolution
		HideSolutionNode = FALSE
	EndGlobalSection
	GlobalSection(ExtensibilityGlobals) = postSolution
		SolutionGuid = {794FFA7C-8AA8-443E-ABFC-12CF536B09D5}
	EndGlobalSection
EndGlobal
